
Microsoft Visual Studio Solution File, Format Version 12.00
# Visual Studio Version 17
VisualStudioVersion = 17.14.36203.30
MinimumVisualStudioVersion = 10.0.40219.1
Project("{FAE04EC0-301F-11D3-BF4B-00C04F79EFBC}") = "Infrastructure", "Infrastructure\Infrastructure.csproj", "{4E50E052-DC5E-427A-AAA7-95CDE16C10AF}"
EndProject
Project("{FAE04EC0-301F-11D3-BF4B-00C04F79EFBC}") = "PokemonAPI", "PokemonAPI\PokemonAPI.csproj", "{CCBA9144-5754-4B31-BC7A-F36D67549836}"
EndProject
Global
	GlobalSection(SolutionConfigurationPlatforms) = preSolution
		Debug|Any CPU = Debug|Any CPU
		Release|Any CPU = Release|Any CPU
	EndGlobalSection
	GlobalSection(ProjectConfigurationPlatforms) = postSolution
		{4E50E052-DC5E-427A-AAA7-95CDE16C10AF}.Debug|Any CPU.ActiveCfg = Debug|Any CPU
		{4E50E052-DC5E-427A-AAA7-95CDE16C10AF}.Debug|Any CPU.Build.0 = Debug|Any CPU
		{4E50E052-DC5E-427A-AAA7-95CDE16C10AF}.Release|Any CPU.ActiveCfg = Release|Any CPU
		{4E50E052-DC5E-427A-AAA7-95CDE16C10AF}.Release|Any CPU.Build.0 = Release|Any CPU
		{CCBA9144-5754-4B31-BC7A-F36D67549836}.Debug|Any CPU.ActiveCfg = Debug|Any CPU
		{CCBA9144-5754-4B31-BC7A-F36D67549836}.Debug|Any CPU.Build.0 = Debug|Any CPU
		{CCBA9144-5754-4B31-BC7A-F36D67549836}.Release|Any CPU.ActiveCfg = Release|Any CPU
		{CCBA9144-5754-4B31-BC7A-F36D67549836}.Release|Any CPU.Build.0 = Release|Any CPU
	EndGlobalSection
	GlobalSection(SolutionProperties) = preSolution
		HideSolutionNode = FALSE
	EndGlobalSection
	GlobalSection(ExtensibilityGlobals) = postSolution
		SolutionGuid = {A1F5B634-8A5E-4A63-BF46-05F31B5FA29B}
	EndGlobalSection
EndGlobal
